[[package]]
category = "main"
description = "A high-level Python Web framework that encourages rapid development and clean, pragmatic design."
name = "django"
optional = false
python-versions = ">=3.5"
version = "2.1.7"

[package.dependencies]
pytz = "*"

[[package]]
category = "main"
description = "World timezone definitions, modern and historical"
name = "pytz"
optional = false
python-versions = "*"
version = "2018.9"

[metadata]
content-hash = "c9b5788675f399dc52d98386dd58a7ed5d65716b5bf0786b67cf2069afbbf450"
python-versions = "^3.7"

[metadata.hashes]
django = ["275bec66fd2588dd517ada59b8bfb23d4a9abc5a362349139ddda3c7ff6f5ade", "939652e9d34d7d53d74d5d8ef82a19e5f8bb2de75618f7e5360691b6e9667963"]
pytz = ["32b0891edff07e28efe91284ed9c31e123d84bea3fd98e1f72be2508f43ef8d9", "d5f05e487007e29e03409f9398d074e158d920d36eb82eaf66fb1136b0c5374c"]
